PODS:
  - InBrainSurveys-SDK-Swift (0.1.0)

DEPENDENCIES:
  - InBrainSurveys-SDK-Swift (from `../`)

EXTERNAL SOURCES:
  InBrainSurveys-SDK-Swift:
    :path: "../"

SPEC CHECKSUMS:
  InBrainSurveys-SDK-Swift: cc82d2b4c2be5ea932d102de0aff268be4c5d797

PODFILE CHECKSUM: 1319bc7713021fc0e72c193fac608e585464fd0f

COCOAPODS: 1.5.3
